{
  "name": "app",
  "lockfileVersion": 3,
  "requires": true,
  "packages": {
    "": {
      "dependencies": {
        "pynput": "^0.4.0"
      }
    },
    "node_modules/pynput": {
      "version": "0.4.0",
      "resolved": "https://registry.npmjs.org/pynput/-/pynput-0.4.0.tgz",
      "integrity": "sha512-U51zStcx1mxu/f0tKYwPkh50tkW+/giOvoeQw96d70jIiHBUpy1YdYd6ORACEMTOsBRXi7fdoTWUKptksKa5fg==",
      "license": "MIT"
    }
  }
}
